lockfileVersion: 5.4

specifiers:
  '@swc/core': ^1.3.3
  prettier: ^2.7.1
  rollup: ^2.79.1
  rollup-plugin-swc: ^0.2.1

devDependencies:
  '@swc/core': 1.3.3
  prettier: 2.7.1
  rollup: 2.79.1
  rollup-plugin-swc: 0.2.1_yzdwamyeo2l56m2tbjw7mygy4a

packages:

  /@rollup/pluginutils/4.2.1:
    resolution: {integrity: sha512-iKnFXr7NkdZAIHiIWE+BX5ULi/ucVFYWD6TbAV+rZctiRTY2PL6tsIKhoIOaoskiWAkgu+VsbXgUVDNLHf+InQ==}
    engines: {node: '>= 8.0.0'}
    dependencies:
      estree-walker: 2.0.2
      picomatch: 2.3.1
    dev: true

  /@swc/core-android-arm-eabi/1.3.3:
    resolution: {integrity: sha512-R6MpKXvNx/T/8a0wUTiX1THxfRbURSCmYlSi/JnUaqLYUclQK1N8aCMWz7EYSz6FE0VZBREJYDJcdnfP88E/1Q==}
    engines: {node: '>=10'}
    cpu: [arm]
    os: [android]
    requiresBuild: true
    dependencies:
      '@swc/wasm': 1.2.122
    dev: true
    optional: true

  /@swc/core-android-arm64/1.3.3:
    resolution: {integrity: sha512-yZlku4ypVKykwHTS8CETxw2PH23UBeM6VhNB8efF4A4gVWtRZjv1PfjsSqh/X0vjgVTrs2zSaQ+eF6GLVbWrgA==}
    engines: {node: '>=10'}
    cpu: [arm64]
    os: [android]
    requiresBuild: true
    dependencies:
      '@swc/wasm': 1.2.130
    dev: true
    optional: true

  /@swc/core-darwin-arm64/1.3.3:
    resolution: {integrity: sha512-/T8vyikY7t/be6bHd1D9J/bmXYMDMkBo9NA3auDT/hmouzawhJ6E7OqRE4HLuLTflnRw8WmEWgpeRIzMHvNjBQ==}
    engines: {node: '>=10'}
    cpu: [arm64]
    os: [darwin]
    requiresBuild: true
    dev: true
    optional: true

  /@swc/core-darwin-x64/1.3.3:
    resolution: {integrity: sha512-hw4o1If986In5m3y3/OimgiBKJh49kbTG9MRWo8msqTic2aBlrtfHjSecMn1g+oP7pdaUUCTkovmT7OpvvQ/Tw==}
    engines: {node: '>=10'}
    cpu: [x64]
    os: [darwin]
    requiresBuild: true
    dev: true
    optional: true

  /@swc/core-freebsd-x64/1.3.3:
    resolution: {integrity: sha512-JFDu3uLa0WMw77o+QNR5D1uErQ5s18HmEwJr5ndOQoDlS+XO2qUG6AxU5LdwLEl5qMf2C99t7gkfzcCZG1PRsw==}
    engines: {node: '>=10'}
    cpu: [x64]
    os: [freebsd]
    requiresBuild: true
    dependencies:
      '@swc/wasm': 1.2.130
    dev: true
    optional: true

  /@swc/core-linux-arm-gnueabihf/1.3.3:
    resolution: {integrity: sha512-kJoyNP/ury9KmZnjhpj0QApY6VxC9S4hkgsycm8yTJ23O8WrUbgeDOlgAgFJNyHszhR5CnlssDv7ErCwMZtkgw==}
    engines: {node: '>=10'}
    cpu: [arm]
    os: [linux]
    requiresBuild: true
    dependencies:
      '@swc/wasm': 1.2.130
    dev: true
    optional: true

  /@swc/core-linux-arm64-gnu/1.3.3:
    resolution: {integrity: sha512-Y+10o78O2snKnrNTbasT9S3Out0wlOyAkLZvq5zqzW1cz2K2Yzm04zQdKQOCRHlfTF0XSmZ++qRWVNol49WsNA==}
    engines: {node: '>=10'}
    cpu: [arm64]
    os: [linux]
    requiresBuild: true
    dev: true
    optional: true

  /@swc/core-linux-arm64-musl/1.3.3:
    resolution: {integrity: sha512-y6ErPP6Sk0f8exoanUxXeFALvPraTjyoVr8pitpfTqoUd9YcxwOTpPbR5WXI3FWnQ7GS86iH0LvaFDCgHQ1fjg==}
    engines: {node: '>=10'}
    cpu: [arm64]
    os: [linux]
    requiresBuild: true
    dev: true
    optional: true

  /@swc/core-linux-x64-gnu/1.3.3:
    resolution: {integrity: sha512-sqyvNJkPHKHlK/XLIoMNLiux8YxsCJpAk3UreS0NO+sRNRru2AMyrRwX6wxmnJybhEek9SPKF0pXi+GfcaFKYA==}
    engines: {node: '>=10'}
    cpu: [x64]
    os: [linux]
    requiresBuild: true
    dev: true
    optional: true

  /@swc/core-linux-x64-musl/1.3.3:
    resolution: {integrity: sha512-5fjwHdMv+DOgEp7sdNVmvS4Hr2rDaewa0BpDW8RefcjHoJnDpFVButLDMkwv/Yd+v4YN+99kyX/lOI+/OTD99w==}
    engines: {node: '>=10'}
    cpu: [x64]
    os: [linux]
    requiresBuild: true
    dev: true
    optional: true

  /@swc/core-win32-arm64-msvc/1.3.3:
    resolution: {integrity: sha512-JxcfG89GieqCFXkRl/mtFds/ME6ncEtLRIQ0+RBIREIGisA9ZgJ8EryBzGZyPu5+7kE0vXGVB6A2cfrv4SNW4A==}
    engines: {node: '>=10'}
    cpu: [arm64]
    os: [win32]
    requiresBuild: true
    dependencies:
      '@swc/wasm': 1.2.130
    dev: true
    optional: true

  /@swc/core-win32-ia32-msvc/1.3.3:
    resolution: {integrity: sha512-yqZjTn5V7wYCxMCC5Rg8u87SmGeRSlqYAafHL3IgiFe8hSxOykc2dR1MYNc4WZumYiMlU15VSa6mW8A0pj37FA==}
    engines: {node: '>=10'}
    cpu: [ia32]
    os: [win32]
    requiresBuild: true
    dependencies:
      '@swc/wasm': 1.2.130
    dev: true
    optional: true

  /@swc/core-win32-x64-msvc/1.3.3:
    resolution: {integrity: sha512-CIuxz9wiHkgG7m3kjgptgO3iHOmrybvLf0rUNGbVTTHwTcrpjznAnS/MnMPiaIQPlxz70KSXAR2QJjw7fGtfbA==}
    engines: {node: '>=10'}
    cpu: [x64]
    os: [win32]
    requiresBuild: true
    dev: true
    optional: true

  /@swc/core/1.3.3:
    resolution: {integrity: sha512-OGx3Qpw+czNSaea1ojP2X2wxrGtYicQxH1QnzX4F3rXGEcSUFIllmrae6iJHW91zS4SNcOocnQoRz1IYnrILYw==}
    engines: {node: '>=10'}
    hasBin: true
    requiresBuild: true
    optionalDependencies:
      '@swc/core-android-arm-eabi': 1.3.3
      '@swc/core-android-arm64': 1.3.3
      '@swc/core-darwin-arm64': 1.3.3
      '@swc/core-darwin-x64': 1.3.3
      '@swc/core-freebsd-x64': 1.3.3
      '@swc/core-linux-arm-gnueabihf': 1.3.3
      '@swc/core-linux-arm64-gnu': 1.3.3
      '@swc/core-linux-arm64-musl': 1.3.3
      '@swc/core-linux-x64-gnu': 1.3.3
      '@swc/core-linux-x64-musl': 1.3.3
      '@swc/core-win32-arm64-msvc': 1.3.3
      '@swc/core-win32-ia32-msvc': 1.3.3
      '@swc/core-win32-x64-msvc': 1.3.3
    dev: true

  /@swc/wasm/1.2.122:
    resolution: {integrity: sha512-sM1VCWQxmNhFtdxME+8UXNyPNhxNu7zdb6ikWpz0YKAQQFRGT5ThZgJrubEpah335SUToNg8pkdDF7ibVCjxbQ==}
    requiresBuild: true
    dev: true
    optional: true

  /@swc/wasm/1.2.130:
    resolution: {integrity: sha512-rNcJsBxS70+pv8YUWwf5fRlWX6JoY/HJc25HD/F8m6Kv7XhJdqPPMhyX6TKkUBPAG7TWlZYoxa+rHAjPy4Cj3Q==}
    requiresBuild: true
    dev: true
    optional: true

  /estree-walker/2.0.2:
    resolution: {integrity: sha512-Rfkk/Mp/DL7JVje3u18FxFujQlTNR2q6QfMSMB7AvCBx91NGj/ba3kCfza0f6dVDbw7YlRf/nDrn7pQrCCyQ/w==}
    dev: true

  /fsevents/2.3.2:
    resolution: {integrity: sha512-xiqMQR4xAeHTuB9uWm+fFRcIOgKBMiOBP+eXiyT7jsgVCq1bkVygt00oASowB7EdtpOHaaPgKt812P9ab+DDKA==}
    engines: {node: ^8.16.0 || ^10.6.0 || >=11.0.0}
    os: [darwin]
    requiresBuild: true
    dev: true
    optional: true

  /picomatch/2.3.1:
    resolution: {integrity: sha512-JU3teHTNjmE2VCGFzuY8EXzCDVwEqB2a8fsIvwaStHhAWJEeVd1o1QD80CU6+ZdEXXSLbSsuLwJjkCBWqRQUVA==}
    engines: {node: '>=8.6'}
    dev: true

  /prettier/2.7.1:
    resolution: {integrity: sha512-ujppO+MkdPqoVINuDFDRLClm7D78qbDt0/NR+wp5FqEZOoTNAjPHWj17QRhu7geIHJfcNhRk1XVQmF8Bp3ye+g==}
    engines: {node: '>=10.13.0'}
    hasBin: true
    dev: true

  /rollup-plugin-swc/0.2.1_yzdwamyeo2l56m2tbjw7mygy4a:
    resolution: {integrity: sha512-wWRYt9tC0aIBvRQHNnVtwJ6DRPDj9XYpOAcOyFB11sKSkR/R+NAmbrjBACCPNVmZcxg6joV29wXgb5mU1DI7eA==}
    peerDependencies:
      '@swc/core': '>=1.0'
      rollup: '>=1.5.0'
    dependencies:
      '@rollup/pluginutils': 4.2.1
      '@swc/core': 1.3.3
      rollup: 2.79.1
    dev: true

  /rollup/2.79.1:
    resolution: {integrity: sha512-uKxbd0IhMZOhjAiD5oAFp7BqvkA4Dv47qpOCtaNvng4HBwdbWtdOh8f5nZNuk2rp51PMGk3bzfWu5oayNEuYnw==}
    engines: {node: '>=10.0.0'}
    hasBin: true
    optionalDependencies:
      fsevents: 2.3.2
    dev: true
