lockfileVersion: 5.4

specifiers:
  '@swc/core': ^1.3.8
  prettier: ^2.7.1
  rollup: ^2.79.1
  rollup-plugin-swc: ^0.2.1

devDependencies:
  '@swc/core': 1.3.8
  prettier: 2.7.1
  rollup: 2.79.1
  rollup-plugin-swc: 0.2.1_5353fur52kvuqgfink4vx7pyzu

packages:

  /@rollup/pluginutils/4.2.1:
    resolution: {integrity: sha512-iKnFXr7NkdZAIHiIWE+BX5ULi/ucVFYWD6TbAV+rZctiRTY2PL6tsIKhoIOaoskiWAkgu+VsbXgUVDNLHf+InQ==}
    engines: {node: '>= 8.0.0'}
    dependencies:
      estree-walker: 2.0.2
      picomatch: 2.3.1
    dev: true

  /@swc/core-android-arm-eabi/1.3.8:
    resolution: {integrity: sha512-7SKRmfT21Iwy1UJVirS89KO1YqA/nYeG6Te97Vi50e0Ua1XmmogE+ooUg4CNk0wevtVmgB3AHXK/1/ak6qY/Ag==}
    engines: {node: '>=10'}
    cpu: [arm]
    os: [android]
    requiresBuild: true
    dependencies:
      '@swc/wasm': 1.2.122
    dev: true
    optional: true

  /@swc/core-android-arm64/1.3.8:
    resolution: {integrity: sha512-K7PwYMOukAFUWR1f1xukNhQXpCWjYfOnBA130hdovuW7J+cxYX2O8L5cKW+VOmlTNXU561+k0jNSO5NkJ4pSSQ==}
    engines: {node: '>=10'}
    cpu: [arm64]
    os: [android]
    requiresBuild: true
    dependencies:
      '@swc/wasm': 1.2.130
    dev: true
    optional: true

  /@swc/core-darwin-arm64/1.3.8:
    resolution: {integrity: sha512-sEynC48HWwYQ2RzJxBejnWfRQkl65f1+fWNjSWqAIii7I+fJT5La98hJrg+5dfZROBs34g1Zxt8+2Gttm25Nmg==}
    engines: {node: '>=10'}
    cpu: [arm64]
    os: [darwin]
    requiresBuild: true
    dev: true
    optional: true

  /@swc/core-darwin-x64/1.3.8:
    resolution: {integrity: sha512-yimEqFZpmXU6uTnSw1A6umKBN1B68I+Cbl/q4IHm3Z3B9a/aymiQ7lJNrYYEHOgfpHLka4SWwvdSBSrpMczDfg==}
    engines: {node: '>=10'}
    cpu: [x64]
    os: [darwin]
    requiresBuild: true
    dev: true
    optional: true

  /@swc/core-freebsd-x64/1.3.8:
    resolution: {integrity: sha512-kGGDDrKVCoM2A8lAJ3jFiWuafxtFxMmvkGlo72GikZsFDHibqr2K2+Ur++nwOz/ZFOf1HJwEbYVbbDa84pSlCw==}
    engines: {node: '>=10'}
    cpu: [x64]
    os: [freebsd]
    requiresBuild: true
    dependencies:
      '@swc/wasm': 1.2.130
    dev: true
    optional: true

  /@swc/core-linux-arm-gnueabihf/1.3.8:
    resolution: {integrity: sha512-kLpA6Oei9J7u7NBFT80ziAe3cLhOV7vo/Li9rV44AI8iU6df7KXt7hvzmTyh5gXOg3f98wcMOakFF1FsKvSSdA==}
    engines: {node: '>=10'}
    cpu: [arm]
    os: [linux]
    requiresBuild: true
    dependencies:
      '@swc/wasm': 1.2.130
    dev: true
    optional: true

  /@swc/core-linux-arm64-gnu/1.3.8:
    resolution: {integrity: sha512-5W1sAM1lNmDfMy8DzRUiyjubDPZVIvzQRhdsP1zCDE/JKYaDJG8BzeSE6J3VdxNyLfe6tFvJTOCTyNAGWJBiTA==}
    engines: {node: '>=10'}
    cpu: [arm64]
    os: [linux]
    requiresBuild: true
    dev: true
    optional: true

  /@swc/core-linux-arm64-musl/1.3.8:
    resolution: {integrity: sha512-xdmZX44xzjdG4zqIWEqkZVWukhw1lwVVLjXiQt94GZ9RISpUvanydIzahB/iuI/2/eWP4Stf6vyXn66ay1jIcA==}
    engines: {node: '>=10'}
    cpu: [arm64]
    os: [linux]
    requiresBuild: true
    dev: true
    optional: true

  /@swc/core-linux-x64-gnu/1.3.8:
    resolution: {integrity: sha512-37YyUxXgLfiILzfoIkbfEB4mRJfWutaY9OThi9H1hLYaXLTfdWkk7bksALK473NY6/Vi/TrjYi1cz+GSteR/nw==}
    engines: {node: '>=10'}
    cpu: [x64]
    os: [linux]
    requiresBuild: true
    dev: true
    optional: true

  /@swc/core-linux-x64-musl/1.3.8:
    resolution: {integrity: sha512-/MhCGWlIu2rjvUuGKNZSTLUm1jDus2ggmaZpbq87QSA8otPyKB4k5t6ySUzuSTRL8Qk/bLy1xjtjAv2sOzwzJA==}
    engines: {node: '>=10'}
    cpu: [x64]
    os: [linux]
    requiresBuild: true
    dev: true
    optional: true

  /@swc/core-win32-arm64-msvc/1.3.8:
    resolution: {integrity: sha512-UF4BoOtmquKSt5eIODvrimqLLTG30vuIvY8z1/3RJyzCI3uZE3csetmAMvry8ioS1vC5DFETNh4xFO20CJvR0g==}
    engines: {node: '>=10'}
    cpu: [arm64]
    os: [win32]
    requiresBuild: true
    dependencies:
      '@swc/wasm': 1.2.130
    dev: true
    optional: true

  /@swc/core-win32-ia32-msvc/1.3.8:
    resolution: {integrity: sha512-ZsLm+Gimv8RO77AQjkaqs4jncw7AmR5HgR+I6gSRsVhLEo3tRbzSK2br98PRC217RA86Ei148/WUutu9IA7/5g==}
    engines: {node: '>=10'}
    cpu: [ia32]
    os: [win32]
    requiresBuild: true
    dependencies:
      '@swc/wasm': 1.2.130
    dev: true
    optional: true

  /@swc/core-win32-x64-msvc/1.3.8:
    resolution: {integrity: sha512-7Kxx6K4hEbwjj3IyD5hqoUGbOtuYJoMUh6ac+gce22oxq4sWWkVRbV0s+oJSXqWA0/PCu07t0m1/B4Z0MpqwuA==}
    engines: {node: '>=10'}
    cpu: [x64]
    os: [win32]
    requiresBuild: true
    dev: true
    optional: true

  /@swc/core/1.3.8:
    resolution: {integrity: sha512-EEinXtV7MvzWt1dgqnkfUaxCwPnSo3ZeWQzTpppCZFkM9hn+kfViTig2aS1aoXvwi/SsDZ51DDs4st8xr4yqhQ==}
    engines: {node: '>=10'}
    hasBin: true
    requiresBuild: true
    optionalDependencies:
      '@swc/core-android-arm-eabi': 1.3.8
      '@swc/core-android-arm64': 1.3.8
      '@swc/core-darwin-arm64': 1.3.8
      '@swc/core-darwin-x64': 1.3.8
      '@swc/core-freebsd-x64': 1.3.8
      '@swc/core-linux-arm-gnueabihf': 1.3.8
      '@swc/core-linux-arm64-gnu': 1.3.8
      '@swc/core-linux-arm64-musl': 1.3.8
      '@swc/core-linux-x64-gnu': 1.3.8
      '@swc/core-linux-x64-musl': 1.3.8
      '@swc/core-win32-arm64-msvc': 1.3.8
      '@swc/core-win32-ia32-msvc': 1.3.8
      '@swc/core-win32-x64-msvc': 1.3.8
    dev: true

  /@swc/wasm/1.2.122:
    resolution: {integrity: sha512-sM1VCWQxmNhFtdxME+8UXNyPNhxNu7zdb6ikWpz0YKAQQFRGT5ThZgJrubEpah335SUToNg8pkdDF7ibVCjxbQ==}
    requiresBuild: true
    dev: true
    optional: true

  /@swc/wasm/1.2.130:
    resolution: {integrity: sha512-rNcJsBxS70+pv8YUWwf5fRlWX6JoY/HJc25HD/F8m6Kv7XhJdqPPMhyX6TKkUBPAG7TWlZYoxa+rHAjPy4Cj3Q==}
    requiresBuild: true
    dev: true
    optional: true

  /estree-walker/2.0.2:
    resolution: {integrity: sha512-Rfkk/Mp/DL7JVje3u18FxFujQlTNR2q6QfMSMB7AvCBx91NGj/ba3kCfza0f6dVDbw7YlRf/nDrn7pQrCCyQ/w==}
    dev: true

  /fsevents/2.3.2:
    resolution: {integrity: sha512-xiqMQR4xAeHTuB9uWm+fFRcIOgKBMiOBP+eXiyT7jsgVCq1bkVygt00oASowB7EdtpOHaaPgKt812P9ab+DDKA==}
    engines: {node: ^8.16.0 || ^10.6.0 || >=11.0.0}
    os: [darwin]
    requiresBuild: true
    dev: true
    optional: true

  /picomatch/2.3.1:
    resolution: {integrity: sha512-JU3teHTNjmE2VCGFzuY8EXzCDVwEqB2a8fsIvwaStHhAWJEeVd1o1QD80CU6+ZdEXXSLbSsuLwJjkCBWqRQUVA==}
    engines: {node: '>=8.6'}
    dev: true

  /prettier/2.7.1:
    resolution: {integrity: sha512-ujppO+MkdPqoVINuDFDRLClm7D78qbDt0/NR+wp5FqEZOoTNAjPHWj17QRhu7geIHJfcNhRk1XVQmF8Bp3ye+g==}
    engines: {node: '>=10.13.0'}
    hasBin: true
    dev: true

  /rollup-plugin-swc/0.2.1_5353fur52kvuqgfink4vx7pyzu:
    resolution: {integrity: sha512-wWRYt9tC0aIBvRQHNnVtwJ6DRPDj9XYpOAcOyFB11sKSkR/R+NAmbrjBACCPNVmZcxg6joV29wXgb5mU1DI7eA==}
    peerDependencies:
      '@swc/core': '>=1.0'
      rollup: '>=1.5.0'
    dependencies:
      '@rollup/pluginutils': 4.2.1
      '@swc/core': 1.3.8
      rollup: 2.79.1
    dev: true

  /rollup/2.79.1:
    resolution: {integrity: sha512-uKxbd0IhMZOhjAiD5oAFp7BqvkA4Dv47qpOCtaNvng4HBwdbWtdOh8f5nZNuk2rp51PMGk3bzfWu5oayNEuYnw==}
    engines: {node: '>=10.0.0'}
    hasBin: true
    optionalDependencies:
      fsevents: 2.3.2
    dev: true
