lockfileVersion: 5.4

specifiers:
  '@swc/core': ^1.3.3
  prettier: ^2.7.1
  rollup: ^2.79.1
  rollup-plugin-swc: ^0.2.1

devDependencies:
  '@swc/core': 1.3.4
  prettier: 2.7.1
  rollup: 2.79.1
  rollup-plugin-swc: 0.2.1_xxe6b3ouzxvqfbhorygxu3sjf4

packages:

  /@rollup/pluginutils/4.2.1:
    resolution: {integrity: sha512-iKnFXr7NkdZAIHiIWE+BX5ULi/ucVFYWD6TbAV+rZctiRTY2PL6tsIKhoIOaoskiWAkgu+VsbXgUVDNLHf+InQ==}
    engines: {node: '>= 8.0.0'}
    dependencies:
      estree-walker: 2.0.2
      picomatch: 2.3.1
    dev: true

  /@swc/core-android-arm-eabi/1.3.4:
    resolution: {integrity: sha512-aq+CAebSQMtdrIR4+v/JBfykK/daD+so2gPHm4wgLaTR+xwziQAsBBI5iq5sinhIg4FGnmljtO75QolcNLmpvw==}
    engines: {node: '>=10'}
    cpu: [arm]
    os: [android]
    requiresBuild: true
    dependencies:
      '@swc/wasm': 1.2.122
    dev: true
    optional: true

  /@swc/core-android-arm64/1.3.4:
    resolution: {integrity: sha512-E5z6ribiEzDqrq5Kv5xOLdWcTzHWlzGuqDSxTQNz9GCC94qSVzXp5Df+egVEKE/4t7u2P6nO46BUKweYMb9TJg==}
    engines: {node: '>=10'}
    cpu: [arm64]
    os: [android]
    requiresBuild: true
    dependencies:
      '@swc/wasm': 1.2.130
    dev: true
    optional: true

  /@swc/core-darwin-arm64/1.3.4:
    resolution: {integrity: sha512-JNBFQKtaUdsq0Sv6N29++Q6xrvZDn1bQ7pbMvr8t7kBNXaYCDmupbwPGT725MrGVs72N4qKee5Z0OIvmnLCQfw==}
    engines: {node: '>=10'}
    cpu: [arm64]
    os: [darwin]
    requiresBuild: true
    dev: true
    optional: true

  /@swc/core-darwin-x64/1.3.4:
    resolution: {integrity: sha512-A6KMZsUJ3j5TVxAizbv+UEjCNvMgWBm9jw4R3biaw8kbgu3XUWHdkiheXO+c2kjjjgwr1jhkHcLgRjffwpLYFA==}
    engines: {node: '>=10'}
    cpu: [x64]
    os: [darwin]
    requiresBuild: true
    dev: true
    optional: true

  /@swc/core-freebsd-x64/1.3.4:
    resolution: {integrity: sha512-C5FCXHebcHwPJtEhgRShumXvcdPO5Cqiwd7GDNBav1IZribs3+ZqrTkCaz2hY7gb5NvyFIxkJ5HhpS4Pxafhuw==}
    engines: {node: '>=10'}
    cpu: [x64]
    os: [freebsd]
    requiresBuild: true
    dependencies:
      '@swc/wasm': 1.2.130
    dev: true
    optional: true

  /@swc/core-linux-arm-gnueabihf/1.3.4:
    resolution: {integrity: sha512-vawHUhUcS//xNvGzL0zZ3vZ1YnsjgyvWQXB5PF4bhM5Y0/rmcrEdpkSId1qTfaMpcL7l2QSy9/DM7ucjlSpK6w==}
    engines: {node: '>=10'}
    cpu: [arm]
    os: [linux]
    requiresBuild: true
    dependencies:
      '@swc/wasm': 1.2.130
    dev: true
    optional: true

  /@swc/core-linux-arm64-gnu/1.3.4:
    resolution: {integrity: sha512-p60RoYaDS8zrqp/cGkcJryk9HobJvrL+Ox/iz8ivDrV4IS0LXvqW5/5YTSzLo93/+blvG/M0hdaokoMhWhDnwA==}
    engines: {node: '>=10'}
    cpu: [arm64]
    os: [linux]
    requiresBuild: true
    dev: true
    optional: true

  /@swc/core-linux-arm64-musl/1.3.4:
    resolution: {integrity: sha512-F9hW6g5l4YesJJH/JMznaLGdLeCV4FKq5MN5DaZfuB8qrCZGLmAasGgvSNbXh1oZnDu1PD2ZxMYivkf2n8/4OA==}
    engines: {node: '>=10'}
    cpu: [arm64]
    os: [linux]
    requiresBuild: true
    dev: true
    optional: true

  /@swc/core-linux-x64-gnu/1.3.4:
    resolution: {integrity: sha512-rRqDtxktiVaxO8NQeEZSX0kNSFkI5Ft+4fZcFTbWhDO0vknC0+ZYbWpverfQ8yAwo7aA9jKWupwc3I7iZ1EQQQ==}
    engines: {node: '>=10'}
    cpu: [x64]
    os: [linux]
    requiresBuild: true
    dev: true
    optional: true

  /@swc/core-linux-x64-musl/1.3.4:
    resolution: {integrity: sha512-stVnU7KXQxSbh67UiIVxZsgjkRSXApPTEU3CYnwsdH7G+ynfO1WocSatzjIKpJfhcY2Nss8/33yDaOKZXVhbIA==}
    engines: {node: '>=10'}
    cpu: [x64]
    os: [linux]
    requiresBuild: true
    dev: true
    optional: true

  /@swc/core-win32-arm64-msvc/1.3.4:
    resolution: {integrity: sha512-qc3UIdAQfLTA1mJsFkX3ISqJDU02qtcjUbnLI8sl6oedCAOFF66TcecJvwl4iO+BTO04+KoZc5rJovSTOb3eQA==}
    engines: {node: '>=10'}
    cpu: [arm64]
    os: [win32]
    requiresBuild: true
    dependencies:
      '@swc/wasm': 1.2.130
    dev: true
    optional: true

  /@swc/core-win32-ia32-msvc/1.3.4:
    resolution: {integrity: sha512-FxuDGn60VrnYBcpH0CeR9+pCnPUaVvZ20CO6o/oNYHSfIhqPc76o3zFYYEFswYodExjCCYwsuPYgi+stvKZroA==}
    engines: {node: '>=10'}
    cpu: [ia32]
    os: [win32]
    requiresBuild: true
    dependencies:
      '@swc/wasm': 1.2.130
    dev: true
    optional: true

  /@swc/core-win32-x64-msvc/1.3.4:
    resolution: {integrity: sha512-9/bSvgjV31u1G2slRFPgK85ohJdo8KtWJ0f4CPp2LdVtIJHbFGd0pWjnMfiPJeodSxSGGWrgUNQtajqIIsrbqA==}
    engines: {node: '>=10'}
    cpu: [x64]
    os: [win32]
    requiresBuild: true
    dev: true
    optional: true

  /@swc/core/1.3.4:
    resolution: {integrity: sha512-W1AvQImfF2T+7dzWdg/GqFpcMJ24lyXGQ/kPKHL/FGPZbf0Q1ExD7wp3eQ2PQMgHTLe28qWonxicm2DPfprx3g==}
    engines: {node: '>=10'}
    hasBin: true
    requiresBuild: true
    optionalDependencies:
      '@swc/core-android-arm-eabi': 1.3.4
      '@swc/core-android-arm64': 1.3.4
      '@swc/core-darwin-arm64': 1.3.4
      '@swc/core-darwin-x64': 1.3.4
      '@swc/core-freebsd-x64': 1.3.4
      '@swc/core-linux-arm-gnueabihf': 1.3.4
      '@swc/core-linux-arm64-gnu': 1.3.4
      '@swc/core-linux-arm64-musl': 1.3.4
      '@swc/core-linux-x64-gnu': 1.3.4
      '@swc/core-linux-x64-musl': 1.3.4
      '@swc/core-win32-arm64-msvc': 1.3.4
      '@swc/core-win32-ia32-msvc': 1.3.4
      '@swc/core-win32-x64-msvc': 1.3.4
    dev: true

  /@swc/wasm/1.2.122:
    resolution: {integrity: sha512-sM1VCWQxmNhFtdxME+8UXNyPNhxNu7zdb6ikWpz0YKAQQFRGT5ThZgJrubEpah335SUToNg8pkdDF7ibVCjxbQ==}
    requiresBuild: true
    dev: true
    optional: true

  /@swc/wasm/1.2.130:
    resolution: {integrity: sha512-rNcJsBxS70+pv8YUWwf5fRlWX6JoY/HJc25HD/F8m6Kv7XhJdqPPMhyX6TKkUBPAG7TWlZYoxa+rHAjPy4Cj3Q==}
    requiresBuild: true
    dev: true
    optional: true

  /estree-walker/2.0.2:
    resolution: {integrity: sha512-Rfkk/Mp/DL7JVje3u18FxFujQlTNR2q6QfMSMB7AvCBx91NGj/ba3kCfza0f6dVDbw7YlRf/nDrn7pQrCCyQ/w==}
    dev: true

  /fsevents/2.3.2:
    resolution: {integrity: sha512-xiqMQR4xAeHTuB9uWm+fFRcIOgKBMiOBP+eXiyT7jsgVCq1bkVygt00oASowB7EdtpOHaaPgKt812P9ab+DDKA==}
    engines: {node: ^8.16.0 || ^10.6.0 || >=11.0.0}
    os: [darwin]
    requiresBuild: true
    dev: true
    optional: true

  /picomatch/2.3.1:
    resolution: {integrity: sha512-JU3teHTNjmE2VCGFzuY8EXzCDVwEqB2a8fsIvwaStHhAWJEeVd1o1QD80CU6+ZdEXXSLbSsuLwJjkCBWqRQUVA==}
    engines: {node: '>=8.6'}
    dev: true

  /prettier/2.7.1:
    resolution: {integrity: sha512-ujppO+MkdPqoVINuDFDRLClm7D78qbDt0/NR+wp5FqEZOoTNAjPHWj17QRhu7geIHJfcNhRk1XVQmF8Bp3ye+g==}
    engines: {node: '>=10.13.0'}
    hasBin: true
    dev: true

  /rollup-plugin-swc/0.2.1_xxe6b3ouzxvqfbhorygxu3sjf4:
    resolution: {integrity: sha512-wWRYt9tC0aIBvRQHNnVtwJ6DRPDj9XYpOAcOyFB11sKSkR/R+NAmbrjBACCPNVmZcxg6joV29wXgb5mU1DI7eA==}
    peerDependencies:
      '@swc/core': '>=1.0'
      rollup: '>=1.5.0'
    dependencies:
      '@rollup/pluginutils': 4.2.1
      '@swc/core': 1.3.4
      rollup: 2.79.1
    dev: true

  /rollup/2.79.1:
    resolution: {integrity: sha512-uKxbd0IhMZOhjAiD5oAFp7BqvkA4Dv47qpOCtaNvng4HBwdbWtdOh8f5nZNuk2rp51PMGk3bzfWu5oayNEuYnw==}
    engines: {node: '>=10.0.0'}
    hasBin: true
    optionalDependencies:
      fsevents: 2.3.2
    dev: true
